schema: '2.0'
stages:
  preprocess:
    cmd: python pipeline/preprocess.py
    deps:
    - path: data/processed/initial_data.csv
      hash: md5
      md5: 771399c35e57f1e666909693dcc09f90
      size: 46252
    - path: pipeline/preprocess.py
      hash: md5
      md5: fad2d0823f623d89d0f8f0c97027569e
      size: 4907
    params:
      params.yaml:
        data.random_state: 42
        data.test_size: 0.2
    outs:
    - path: data/processed/test.csv
      hash: md5
      md5: 4fa61ae898614197b035ee22e13783c2
      size: 35756
    - path: data/processed/train.csv
      hash: md5
      md5: 12c395c31cf2dcf58f7a2d898cfaa1b6
      size: 142585
    - path: models/artifacts/scaler.pkl
      hash: md5
      md5: 1dcb73f0180c33c60ff5d1ed0baa9d33
      size: 1223
  train:
    cmd: PYTHONPATH=. python pipeline/train.py
    deps:
    - path: data/processed/train.csv
      hash: md5
      md5: 12c395c31cf2dcf58f7a2d898cfaa1b6
      size: 142585
    - path: pipeline/models/xgboost.py
      hash: md5
      md5: 8331d62d6f1b451321cbfbab815a2ec7
      size: 183
    - path: pipeline/train.py
      hash: md5
      md5: 7390001a3eb4e9d1254bedeb9d607bed
      size: 4862
    params:
      params.yaml:
        active_model: xgboost
        hyperparameters.xgboost:
          n_estimators: 300
          learning_rate: 0.05
          max_depth: 6
          random_state: 42
          subsample: 0.8
          colsample_bytree: 0.8
          min_child_weight: 3
        mlflow:
          experiment_name: insurance_cost_prediction
          model_name: insurance_cost_model
          tracking_uri: http://localhost:5000
    outs:
    - path: models/artifacts/model_info.json
      hash: md5
      md5: abe25c105fff2aaa760001185887966c
      size: 280
  evaluate:
    cmd: PYTHONPATH=. python pipeline/evaluate.py
    deps:
    - path: data/processed/test.csv
      hash: md5
      md5: 4fa61ae898614197b035ee22e13783c2
      size: 35756
    - path: models/artifacts/model_info.json
      hash: md5
      md5: abe25c105fff2aaa760001185887966c
      size: 280
    - path: pipeline/evaluate.py
      hash: md5
      md5: 26d25836654f016e0209da390680bb7d
      size: 6095
    params:
      params.yaml:
        mlflow:
          experiment_name: insurance_cost_prediction
          model_name: insurance_cost_model
          tracking_uri: http://localhost:5000
        thresholds:
          rmse_degradation_pct: 10
          drift_psi_threshold: 0.2
          max_inference_latency_ms: 200
    outs:
    - path: metrics.json
      hash: md5
      md5: 47384719b64fa8f57334e0ca40e9708f
      size: 204
    - path: models/artifacts/shap_values.pkl
      hash: md5
      md5: 0906a5832fe7cae994410928c970a820
      size: 44412
  register:
    cmd: PYTHONPATH=. python pipeline/register.py
    deps:
    - path: metrics.json
      hash: md5
      md5: 47384719b64fa8f57334e0ca40e9708f
      size: 204
    - path: pipeline/register.py
      hash: md5
      md5: 00ecaeb9e1ad332213106d8a66561ce5
      size: 2992
    params:
      params.yaml:
        mlflow:
          experiment_name: insurance_cost_prediction
          model_name: insurance_cost_model
          tracking_uri: http://localhost:5000
